
Microsoft Visual Studio Solution File, Format Version 12.00
Project("{2150E333-8FDC-42A3-9474-1A3956D46DE8}") = "Core", "Core", "{478BFAD1-6940-4F72-8F30-823160D6BA0E}"
EndProject
Project("{FAE04EC0-301F-11D3-BF4B-00C04F79EFBC}") = "Domain", "Domain\Domain.csproj", "{12237D37-2A90-474B-BD48-516F64412C3E}"
EndProject
Project("{2150E333-8FDC-42A3-9474-1A3956D46DE8}") = "Infrastructure", "Infrastructure", "{16A033F9-D066-416C-8F8B-1A4E9DABEF6B}"
EndProject
Project("{FAE04EC0-301F-11D3-BF4B-00C04F79EFBC}") = "Persistence", "Persistence\Persistence.csproj", "{77750EA8-C0BB-4680-8622-E4D343382152}"
EndProject
Project("{FAE04EC0-301F-11D3-BF4B-00C04F79EFBC}") = "Application", "Application\Application.csproj", "{B64DEDF9-4778-4DD7-82A4-94A84ADA795A}"
EndProject
Project("{2150E333-8FDC-42A3-9474-1A3956D46DE8}") = "API", "API", "{8805C953-0B43-4B41-A05E-D4C487ED0F72}"
EndProject
Project("{FAE04EC0-301F-11D3-BF4B-00C04F79EFBC}") = "API", "API\API.csproj", "{A350AF22-120D-4B6F-A1A9-83C5E218219D}"
EndProject
Global
	GlobalSection(SolutionConfigurationPlatforms) = preSolution
		Debug|Any CPU = Debug|Any CPU
		Release|Any CPU = Release|Any CPU
	EndGlobalSection
	GlobalSection(ProjectConfigurationPlatforms) = postSolution
		{12237D37-2A90-474B-BD48-516F64412C3E}.Debug|Any CPU.ActiveCfg = Debug|Any CPU
		{12237D37-2A90-474B-BD48-516F64412C3E}.Debug|Any CPU.Build.0 = Debug|Any CPU
		{12237D37-2A90-474B-BD48-516F64412C3E}.Release|Any CPU.ActiveCfg = Release|Any CPU
		{12237D37-2A90-474B-BD48-516F64412C3E}.Release|Any CPU.Build.0 = Release|Any CPU
		{77750EA8-C0BB-4680-8622-E4D343382152}.Debug|Any CPU.ActiveCfg = Debug|Any CPU
		{77750EA8-C0BB-4680-8622-E4D343382152}.Debug|Any CPU.Build.0 = Debug|Any CPU
		{77750EA8-C0BB-4680-8622-E4D343382152}.Release|Any CPU.ActiveCfg = Release|Any CPU
		{77750EA8-C0BB-4680-8622-E4D343382152}.Release|Any CPU.Build.0 = Release|Any CPU
		{B64DEDF9-4778-4DD7-82A4-94A84ADA795A}.Debug|Any CPU.ActiveCfg = Debug|Any CPU
		{B64DEDF9-4778-4DD7-82A4-94A84ADA795A}.Debug|Any CPU.Build.0 = Debug|Any CPU
		{B64DEDF9-4778-4DD7-82A4-94A84ADA795A}.Release|Any CPU.ActiveCfg = Release|Any CPU
		{B64DEDF9-4778-4DD7-82A4-94A84ADA795A}.Release|Any CPU.Build.0 = Release|Any CPU
		{A350AF22-120D-4B6F-A1A9-83C5E218219D}.Debug|Any CPU.ActiveCfg = Debug|Any CPU
		{A350AF22-120D-4B6F-A1A9-83C5E218219D}.Debug|Any CPU.Build.0 = Debug|Any CPU
		{A350AF22-120D-4B6F-A1A9-83C5E218219D}.Release|Any CPU.ActiveCfg = Release|Any CPU
		{A350AF22-120D-4B6F-A1A9-83C5E218219D}.Release|Any CPU.Build.0 = Release|Any CPU
	EndGlobalSection
	GlobalSection(NestedProjects) = preSolution
		{12237D37-2A90-474B-BD48-516F64412C3E} = {478BFAD1-6940-4F72-8F30-823160D6BA0E}
		{77750EA8-C0BB-4680-8622-E4D343382152} = {16A033F9-D066-416C-8F8B-1A4E9DABEF6B}
		{B64DEDF9-4778-4DD7-82A4-94A84ADA795A} = {478BFAD1-6940-4F72-8F30-823160D6BA0E}
		{A350AF22-120D-4B6F-A1A9-83C5E218219D} = {8805C953-0B43-4B41-A05E-D4C487ED0F72}
	EndGlobalSection
EndGlobal
